{
  "version": 4,
  "terraform_version": "1.8.4",
  "serial": 4,
  "lineage": "3631c621-732e-850c-aeb9-bfa3ee74e24a",
  "outputs": {},
  "resources": [
    {
      "mode": "data",
      "type": "aws_subnets",
      "name": "private_subnets",
      "provider": "provider[\"registry.terraform.io/hashicorp/aws\"]",
      "instances": [
        {
          "schema_version": 0,
          "attributes": {
            "filter": [
              {
                "name": "tag:Name",
                "values": [
                  "my-subnet"
                ]
              },
              {
                "name": "vpc-id",
                "values": [
                  "vpc-07ec151640cbf37f9"
                ]
              }
            ],
            "id": "ap-south-1",
            "ids": [
              "subnet-01db67cbe2ea6c280"
            ],
            "tags": null,
            "timeouts": null
          },
          "sensitive_attributes": []
        }
      ]
    },
    {
      "mode": "data",
      "type": "aws_vpc",
      "name": "custom_vpc",
      "provider": "provider[\"registry.terraform.io/hashicorp/aws\"]",
      "instances": [
        {
          "schema_version": 0,
          "attributes": {
            "arn": "arn:aws:ec2:ap-south-1:077183796284:vpc/vpc-07ec151640cbf37f9",
            "cidr_block": "172.31.0.0/16",
            "cidr_block_associations": [
              {
                "association_id": "vpc-cidr-assoc-0ff442561c1bb5598",
                "cidr_block": "172.31.0.0/16",
                "state": "associated"
              }
            ],
            "default": true,
            "dhcp_options_id": "dopt-002cda386574979dd",
            "enable_dns_hostnames": true,
            "enable_dns_support": true,
            "enable_network_address_usage_metrics": false,
            "filter": null,
            "id": "vpc-07ec151640cbf37f9",
            "instance_tenancy": "default",
            "ipv6_association_id": "",
            "ipv6_cidr_block": "",
            "main_route_table_id": "rtb-0dd29d73a5ae7e1d7",
            "owner_id": "077183796284",
            "state": null,
            "tags": {},
            "timeouts": null
          },
          "sensitive_attributes": []
        }
      ]
    },
    {
      "mode": "managed",
      "type": "aws_ecr_repository",
      "name": "hello_node_app",
      "provider": "provider[\"registry.terraform.io/hashicorp/aws\"]",
      "instances": [
        {
          "schema_version": 0,
          "attributes": {
            "arn": "arn:aws:ecr:ap-south-1:077183796284:repository/hello-node-app",
            "encryption_configuration": [
              {
                "encryption_type": "AES256",
                "kms_key": ""
              }
            ],
            "force_delete": null,
            "id": "hello-node-app",
            "image_scanning_configuration": [
              {
                "scan_on_push": false
              }
            ],
            "image_tag_mutability": "MUTABLE",
            "name": "hello-node-app",
            "registry_id": "077183796284",
            "repository_url": "077183796284.dkr.ecr.ap-south-1.amazonaws.com/hello-node-app",
            "tags": null,
            "tags_all": {},
            "timeouts": null
          },
          "sensitive_attributes": [],
          "private": "eyJlMmJmYjczMC1lY2FhLTExZTYtOGY4OC0zNDM2M2JjN2M0YzAiOnsiZGVsZXRlIjoxMjAwMDAwMDAwMDAwfX0="
        }
      ]
    },
    {
      "mode": "managed",
      "type": "aws_ecs_cluster",
      "name": "hello_node_cluster",
      "provider": "provider[\"registry.terraform.io/hashicorp/aws\"]",
      "instances": [
        {
          "schema_version": 0,
          "attributes": {
            "arn": "arn:aws:ecs:ap-south-1:077183796284:cluster/hello-node-cluster",
            "configuration": [],
            "id": "arn:aws:ecs:ap-south-1:077183796284:cluster/hello-node-cluster",
            "name": "hello-node-cluster",
            "service_connect_defaults": [],
            "setting": [
              {
                "name": "containerInsights",
                "value": "disabled"
              }
            ],
            "tags": null,
            "tags_all": {}
          },
          "sensitive_attributes": [],
          "private": "bnVsbA=="
        }
      ]
    },
    {
      "mode": "managed",
      "type": "aws_security_group",
      "name": "ecs_security_group",
      "provider": "provider[\"registry.terraform.io/hashicorp/aws\"]",
      "instances": [
        {
          "schema_version": 1,
          "attributes": {
            "arn": "arn:aws:ec2:ap-south-1:077183796284:security-group/sg-02a8012e2803f0125",
            "description": "Managed by Terraform",
            "egress": [],
            "id": "sg-02a8012e2803f0125",
            "ingress": [
              {
                "cidr_blocks": [
                  "0.0.0.0/0"
                ],
                "description": "",
                "from_port": 3000,
                "ipv6_cidr_blocks": [
                  "::/0"
                ],
                "prefix_list_ids": [],
                "protocol": "tcp",
                "security_groups": [],
                "self": false,
                "to_port": 3000
              }
            ],
            "name": "ecs-security-group",
            "name_prefix": "",
            "owner_id": "077183796284",
            "revoke_rules_on_delete": false,
            "tags": null,
            "tags_all": {},
            "timeouts": null,
            "vpc_id": "vpc-07ec151640cbf37f9"
          },
          "sensitive_attributes": [],
          "private": "eyJlMmJmYjczMC1lY2FhLTExZTYtOGY4OC0zNDM2M2JjN2M0YzAiOnsiY3JlYXRlIjo2MDAwMDAwMDAwMDAsImRlbGV0ZSI6OTAwMDAwMDAwMDAwfSwic2NoZW1hX3ZlcnNpb24iOiIxIn0=",
          "dependencies": [
            "data.aws_vpc.custom_vpc"
          ]
        }
      ]
    }
  ],
  "check_results": null
}
